
Microsoft Visual Studio Solution File, Format Version 12.00
# Visual Studio 15
VisualStudioVersion = 15.0.27703.2035
MinimumVisualStudioVersion = 10.0.40219.1
Project("{FAE04EC0-301F-11D3-BF4B-00C04F79EFBC}") = "LinQ-Ex1", "LinQ-Ex1\LinQ-Ex1.csproj", "{CA93B71F-C7B0-4419-864F-936AC0251E3E}"
EndProject
Global
	GlobalSection(SolutionConfigurationPlatforms) = preSolution
		Debug|Any CPU = Debug|Any CPU
		Release|Any CPU = Release|Any CPU
	EndGlobalSection
	GlobalSection(ProjectConfigurationPlatforms) = postSolution
		{CA93B71F-C7B0-4419-864F-936AC0251E3E}.Debug|Any CPU.ActiveCfg = Debug|Any CPU
		{CA93B71F-C7B0-4419-864F-936AC0251E3E}.Debug|Any CPU.Build.0 = Debug|Any CPU
		{CA93B71F-C7B0-4419-864F-936AC0251E3E}.Release|Any CPU.ActiveCfg = Release|Any CPU
		{CA93B71F-C7B0-4419-864F-936AC0251E3E}.Release|Any CPU.Build.0 = Release|Any CPU
	EndGlobalSection
	GlobalSection(SolutionProperties) = preSolution
		HideSolutionNode = FALSE
	EndGlobalSection
	GlobalSection(ExtensibilityGlobals) = postSolution
		SolutionGuid = {66ABC1DB-B9C7-4526-9790-B729568366CD}
	EndGlobalSection
EndGlobal
