
Microsoft Visual Studio Solution File, Format Version 12.00
# Visual Studio 15
VisualStudioVersion = 15.0.27703.2035
MinimumVisualStudioVersion = 10.0.40219.1
Project("{FAE04EC0-301F-11D3-BF4B-00C04F79EFBC}") = "Exercicio XML", "Exercicio XML\Exercicio XML.csproj", "{73F13949-AE32-411C-9942-20C89AE9CE07}"
EndProject
Global
	GlobalSection(SolutionConfigurationPlatforms) = preSolution
		Debug|Any CPU = Debug|Any CPU
		Release|Any CPU = Release|Any CPU
	EndGlobalSection
	GlobalSection(ProjectConfigurationPlatforms) = postSolution
		{73F13949-AE32-411C-9942-20C89AE9CE07}.Debug|Any CPU.ActiveCfg = Debug|Any CPU
		{73F13949-AE32-411C-9942-20C89AE9CE07}.Debug|Any CPU.Build.0 = Debug|Any CPU
		{73F13949-AE32-411C-9942-20C89AE9CE07}.Release|Any CPU.ActiveCfg = Release|Any CPU
		{73F13949-AE32-411C-9942-20C89AE9CE07}.Release|Any CPU.Build.0 = Release|Any CPU
	EndGlobalSection
	GlobalSection(SolutionProperties) = preSolution
		HideSolutionNode = FALSE
	EndGlobalSection
	GlobalSection(ExtensibilityGlobals) = postSolution
		SolutionGuid = {D7DE84E2-3643-4D52-9AB7-96952550764E}
	EndGlobalSection
EndGlobal
