
Microsoft Visual Studio Solution File, Format Version 12.00
# Visual Studio 15
VisualStudioVersion = 15.0.27703.2035
MinimumVisualStudioVersion = 10.0.40219.1
Project("{FAE04EC0-301F-11D3-BF4B-00C04F79EFBC}") = "WebApplication1", "WebApplication1\WebApplication1.csproj", "{B4155C85-649D-4A37-BCFD-57DF4C2F00D0}"
EndProject
Global
	GlobalSection(SolutionConfigurationPlatforms) = preSolution
		Debug|Any CPU = Debug|Any CPU
		Release|Any CPU = Release|Any CPU
	EndGlobalSection
	GlobalSection(ProjectConfigurationPlatforms) = postSolution
		{B4155C85-649D-4A37-BCFD-57DF4C2F00D0}.Debug|Any CPU.ActiveCfg = Debug|Any CPU
		{B4155C85-649D-4A37-BCFD-57DF4C2F00D0}.Debug|Any CPU.Build.0 = Debug|Any CPU
		{B4155C85-649D-4A37-BCFD-57DF4C2F00D0}.Release|Any CPU.ActiveCfg = Release|Any CPU
		{B4155C85-649D-4A37-BCFD-57DF4C2F00D0}.Release|Any CPU.Build.0 = Release|Any CPU
	EndGlobalSection
	GlobalSection(SolutionProperties) = preSolution
		HideSolutionNode = FALSE
	EndGlobalSection
	GlobalSection(ExtensibilityGlobals) = postSolution
		SolutionGuid = {D28E8B9C-E0EE-41CD-AE04-A64D5A96C8BC}
	EndGlobalSection
EndGlobal
