
Microsoft Visual Studio Solution File, Format Version 12.00
# Visual Studio 15
VisualStudioVersion = 15.0.27130.2026
MinimumVisualStudioVersion = 10.0.40219.1
Project("{FAE04EC0-301F-11D3-BF4B-00C04F79EFBC}") = "Atividades-Threads", "Atividades-Threads\Atividades-Threads.csproj", "{8BE7B8CE-B4AE-49DA-876F-E9A4D4BCB18B}"
EndProject
Global
	GlobalSection(SolutionConfigurationPlatforms) = preSolution
		Debug|Any CPU = Debug|Any CPU
		Release|Any CPU = Release|Any CPU
	EndGlobalSection
	GlobalSection(ProjectConfigurationPlatforms) = postSolution
		{8BE7B8CE-B4AE-49DA-876F-E9A4D4BCB18B}.Debug|Any CPU.ActiveCfg = Debug|Any CPU
		{8BE7B8CE-B4AE-49DA-876F-E9A4D4BCB18B}.Debug|Any CPU.Build.0 = Debug|Any CPU
		{8BE7B8CE-B4AE-49DA-876F-E9A4D4BCB18B}.Release|Any CPU.ActiveCfg = Release|Any CPU
		{8BE7B8CE-B4AE-49DA-876F-E9A4D4BCB18B}.Release|Any CPU.Build.0 = Release|Any CPU
	EndGlobalSection
	GlobalSection(SolutionProperties) = preSolution
		HideSolutionNode = FALSE
	EndGlobalSection
	GlobalSection(ExtensibilityGlobals) = postSolution
		SolutionGuid = {8CD69D2E-84B9-4C9F-8E6E-4D4205DF0EFB}
	EndGlobalSection
EndGlobal
