
Microsoft Visual Studio Solution File, Format Version 12.00
# Visual Studio 15
VisualStudioVersion = 15.0.27130.2026
MinimumVisualStudioVersion = 10.0.40219.1
Project("{FAE04EC0-301F-11D3-BF4B-00C04F79EFBC}") = "Pilha_4_Parentesis", "Pilha_4_Parentesis\Pilha_4_Parentesis.csproj", "{4D2887B2-C917-4767-B60D-FCA4ACF22E3F}"
EndProject
Global
	GlobalSection(SolutionConfigurationPlatforms) = preSolution
		Debug|Any CPU = Debug|Any CPU
		Release|Any CPU = Release|Any CPU
	EndGlobalSection
	GlobalSection(ProjectConfigurationPlatforms) = postSolution
		{4D2887B2-C917-4767-B60D-FCA4ACF22E3F}.Debug|Any CPU.ActiveCfg = Debug|Any CPU
		{4D2887B2-C917-4767-B60D-FCA4ACF22E3F}.Debug|Any CPU.Build.0 = Debug|Any CPU
		{4D2887B2-C917-4767-B60D-FCA4ACF22E3F}.Release|Any CPU.ActiveCfg = Release|Any CPU
		{4D2887B2-C917-4767-B60D-FCA4ACF22E3F}.Release|Any CPU.Build.0 = Release|Any CPU
	EndGlobalSection
	GlobalSection(SolutionProperties) = preSolution
		HideSolutionNode = FALSE
	EndGlobalSection
	GlobalSection(ExtensibilityGlobals) = postSolution
		SolutionGuid = {06D7C20A-F93B-4B20-89F3-DF1DA11E9C34}
	EndGlobalSection
EndGlobal
