
Microsoft Visual Studio Solution File, Format Version 12.00
# Visual Studio 15
VisualStudioVersion = 15.0.27130.2026
MinimumVisualStudioVersion = 10.0.40219.1
Project("{FAE04EC0-301F-11D3-BF4B-00C04F79EFBC}") = "Parada de rua", "Parada de rua\Parada de rua.csproj", "{7A5C2EDD-F1F0-42F6-9E16-BBDAC9554B82}"
EndProject
Global
	GlobalSection(SolutionConfigurationPlatforms) = preSolution
		Debug|Any CPU = Debug|Any CPU
		Release|Any CPU = Release|Any CPU
	EndGlobalSection
	GlobalSection(ProjectConfigurationPlatforms) = postSolution
		{7A5C2EDD-F1F0-42F6-9E16-BBDAC9554B82}.Debug|Any CPU.ActiveCfg = Debug|Any CPU
		{7A5C2EDD-F1F0-42F6-9E16-BBDAC9554B82}.Debug|Any CPU.Build.0 = Debug|Any CPU
		{7A5C2EDD-F1F0-42F6-9E16-BBDAC9554B82}.Release|Any CPU.ActiveCfg = Release|Any CPU
		{7A5C2EDD-F1F0-42F6-9E16-BBDAC9554B82}.Release|Any CPU.Build.0 = Release|Any CPU
	EndGlobalSection
	GlobalSection(SolutionProperties) = preSolution
		HideSolutionNode = FALSE
	EndGlobalSection
	GlobalSection(ExtensibilityGlobals) = postSolution
		SolutionGuid = {19A9C53A-165D-4B24-96F6-6B6C8FB0A3B1}
	EndGlobalSection
EndGlobal
